{
  "version": 4,
  "terraform_version": "1.11.0",
  "serial": 79,
  "lineage": "f6e4d96a-970b-e343-9283-29e0183ada85",
  "outputs": {
    "alb_dns_name": {
      "value": "my-alb-166970694.us-east-1.elb.amazonaws.com",
      "type": "string"
    },
    "ec2_public_ip": {
      "value": "54.91.240.54",
      "type": "string"
    },
    "private_key": {
      "value": "-----BEGIN RSA PRIVATE KEY-----\nMIIJKgIBAAKCAgEA27tgbaefjM1Y3uq4wutIaT2GpskhWFYN/v8FYRzOQ51c4Ckk\nC2zcDkuFxC8LnT+RDL44HeBRaitBVKZbXmJSHBGasjwybm3rppEN3ZLbF9wfBmVn\nwg9DOpnHFaTwmxWSA1k2ey6FRTwzQO4+160SDAbsVefGQuv/uHGoh48LX0gAhWoU\n4NBKoTq1KdrVhf9Nnn1JNnFSOcKTnIHPEtFs89nD9v3FKaom9ld3+z6oVfbkZlqa\ngOvlqIOVRxwMh2lrI+fJRJ+q20IHuDBhM6LUbr+QjEjknbhjBMZavkFWKyYvKMUw\nmWHfGOcfleMhGxhsUyiz/F7uaYFiVuO4LI9IWfiscmhgu7+kVxVMJVCMuOXUQMEY\nCNOZ6CVQSjxNjsBprJxAkFAtOL2foDqbB/KDiJADCk7jAXV+I0HwBSsmjsMBhWWt\n9uDo5O40BUCYEBJsa/lAijPWA68k/ca5x/aL7HoUknc/tKyDcxBDS9p0nm25Zjh7\nDJXWnGQdzYwckTNfQ4oKruVbo7k4CJgPIH48yrQzWqyc1AMyui9vo3ydgkeMrd87\n3sQ2QEgza0DezGGRLAFglfH4pc2xgDlIHN88tZqN0wYwZguaBpqI6puAoFmjxyUQ\nD+x7Y53TKNVXABmAxMvUeiPDJjhL4AUGsQI8e3Jfd1HKpNvzS8ndRk7FVF8CAwEA\nAQKCAgEAz51tUE64h06jcQUxDCNJqP6UUtTp59BvqweFKqwQDH0Me1UEFLOH/Q3I\n14RoIe0k/XhiB4CjDIDQWs5QuI6H7LOJim0sbYD4zspx4nDXCOVYfy+jaQ4IxL72\nB/Jv0OkBrJ5Hxv4+uBtYhjpWMGz8B1cnSUgU4bihR8JErckvwpiCvYxtK7pDObIB\n6Qk3BUQkL+NLIODUA3VhCdjxMmOk4YdaDO7cszBtXgdpe4BJh+gfCMMFB1ldButF\nSgoroGqv7B4e4vNGeaMbLiKwRRzOQdJJHvPk502IacONjASqCV0r5Ablk5eRN7Nx\n+arA5hwehjiIT6XW+ONiap0BsUC052SfnJv9BpWlRvcmE4nrpQo/Xm5j7kxIPACD\nldUbVNYz8YK93SjzYN8IiMjqTQPtkjHsaNvIoTxqIgJ35QhAr3p9GfUBOrNsA33N\nYDTGP8fVgytRBJplpB5IoYNeNl6Pqh7zfNjKKCUAffNGawhm1L4meDLghyUp9UIX\n3EW+vMU9Uz8Ck+wQwaJImcWAKds/w7GhnKIW9Q2pU2u3aGwfAgliDkDshbLT332e\nRiinlF+6OX7+Bn79kVmARx8dd9/tihrjdeOWBkkdpybiOnpnK7VQMOqSeCP/jGdE\nmto8h/zTSkrIqHbioNUggjQE5lyUE/+yXxQzwzSqgkVmZctVzykCggEBANy5p5+k\nE3InByAFpK+kvTUKQTKMHuEwy+oE5ATgn/vgUipZv5JrERrtn9GBiXgaujd6ma1q\nT0/Mt47M3VLcPq/LeCR5zT/zceWk6DO3jBQ26tkqq/nREP5UKoC8x47iZ03D65Td\njfYImD2HL0AfxgH4zviY4S8KLanINc2ZB8wUSGLx6OKsE17PchWNDYNmi6xmmRaG\nYkkkGSU+qRaiKzPuf2ud3UxPvUFU8gnlkV7qPTlGwHq5K2XC8PVZWR0RdUThGOpz\nvdKbLOj9qMOnOmSHHMe1R3gi8D713LD7Kvl2OBNYC1sJzRPxplhcpcaJHxeRCf+c\nvk8ajhUiy8d3llsCggEBAP7ZFbz8KgSFo+FDAIontRZ1fB26Twr+iM/6Nxi3XD4M\ngsuyxELOWwFGbV1ZlQqfjNeQrRaHQ71ws+RooeOWA77FxBZ45PQSwK+t2/cqp8tn\nLBlAORK/dGV2mzB1bDRKeADUUVKMJoavsZo08rEA9moTvFkem1kJFlfjDuvj8HGM\no0zgIay5s7zBWSd6aG1eBl69dntre8QgXDOdyv5rTQ3FlOE8TfYeSecsYO9hD1s+\nqwrchasGJOUESlWz+QV87g4BsG0KMaZoD0Y1AB2V9hbMLjqhUkTlE6pVaCjxIgTp\nYooYxxNCLpkqgeNOGkJI13EzGVucKDlJvY/IYpngQU0CggEBANoLWQi+SCt7XHGI\nwaB1qCfOYouxmguxba9Xd31N/R0QA3ssv6+/rt0gIsIPKiMInC6UIV4LaCAXxrj9\nriHdyttUr/GwlU74iepm1q/IQUvy2FsB6XPW0Oe9c2NLmgOPqqdKxN2BZGzJHsOh\nWM8K1Es8ZBF2zPTwJB3V1zisVOSIoN2Fxh6uCFCfsz6Q4emNkqsTi2WSCWPhkimV\n1emy9+TMVPmVsHhjST1R0exu6QWPdj2vpBNX+wQC6JAm3H53sZYCm993yOxVOK9N\nbbsh5vBJ/OdYMCsAsL4xmPsIk/Jtk4Wgc09SxlFOZZpio60V5i4crHjjeaihPfyp\nLA93FoMCggEAYKvATzvoRGbdT2m3HrEJREe0mSI/MZB0HVBw7fNADll4lARv5leY\ntdcdTTfaDXmQV4UN42nUDFxgINh/8HDLYuZqB4w8bUlfxkRRGGUZ2VJ9q+Zsv+vY\nH1TqcWtZbEyDUO05G/MF+jlTSYekN/iBgKOT4sp1a0TDMPt0gY6peqk6mMK8g2S+\nBW/ifdM1Iad1CyMbep2/CRqtXvcQNYpGZF76pqXVfPLoXcS70JIk3RvcjfYwzjs6\na5VBDVmDsM0/EBkb74DabKE0ihE4xgBIpUU2lA71wiSTXR2gsUcm/G37bx8PBQMp\n4ff55VuPIm23K72SdOm7aF/MhGoi3PPwUQKCAQEAuPvc+9grC8Y/37Q7vvwJccPu\nTZbUIUW7QdcGFkU9RVgRFZ4sJ5f+2q7ao/vkEu2YehIoNrGzRBdMscZwhkqgU5rT\n1vmK4G7c9VRTz5HTSWRGJEV+IE7zBzvJvIW2wuGBRX0yV1rhAkqBGWiql7FG8zve\nVVb2mmqpPfFthSMNOCpPL1WrDal64cCgXRqMRuefk2n8Cojz60YaSHOf9/2FR1Od\nbsMkW8VSVYYJFtWUA278O2WLu2bb26WKRynljWXV4VJQjz6jUmz68U2gcnHT4R2K\neoYcG/YnDTusOEPPn/agVhG0/6p4qXgZIs+37OT7L7Hg47mJWQ7mzdE62vYN5Q==\n-----END RSA PRIVATE KEY-----\n",
      "type": "string",
      "sensitive": true
    },
    "rds_endpoint": {
      "value": "terraform-20250301193516688500000001.cexgyec6uybj.us-east-1.rds.amazonaws.com:5432",
      "type": "string"
    }
  },
  "resources": [
    {
      "mode": "managed",
      "type": "aws_db_instance",
      "name": "student_db",
      "provider": "provider[\"registry.terraform.io/hashicorp/aws\"]",
      "instances": [
        {
          "schema_version": 2,
          "attributes": {
            "address": "terraform-20250301193516688500000001.cexgyec6uybj.us-east-1.rds.amazonaws.com",
            "allocated_storage": 20,
            "allow_major_version_upgrade": null,
            "apply_immediately": false,
            "arn": "arn:aws:rds:us-east-1:440744257353:db:terraform-20250301193516688500000001",
            "auto_minor_version_upgrade": true,
            "availability_zone": "us-east-1a",
            "backup_retention_period": 0,
            "backup_target": "region",
            "backup_window": "05:32-06:02",
            "blue_green_update": [],
            "ca_cert_identifier": "rds-ca-rsa2048-g1",
            "character_set_name": "",
            "copy_tags_to_snapshot": false,
            "custom_iam_instance_profile": "",
            "customer_owned_ip_enabled": false,
            "db_name": "",
            "db_subnet_group_name": "rds-subnet-group",
            "dedicated_log_volume": false,
            "delete_automated_backups": true,
            "deletion_protection": false,
            "domain": "",
            "domain_auth_secret_arn": "",
            "domain_dns_ips": [],
            "domain_fqdn": "",
            "domain_iam_role_name": "",
            "domain_ou": "",
            "enabled_cloudwatch_logs_exports": [],
            "endpoint": "terraform-20250301193516688500000001.cexgyec6uybj.us-east-1.rds.amazonaws.com:5432",
            "engine": "postgres",
            "engine_lifecycle_support": "open-source-rds-extended-support",
            "engine_version": "16.3",
            "engine_version_actual": "16.3",
            "final_snapshot_identifier": null,
            "hosted_zone_id": "Z2R2ITUGPM61AM",
            "iam_database_authentication_enabled": false,
            "id": "db-I25FKY2OM76TXTWHNOA2P3NP54",
            "identifier": "terraform-20250301193516688500000001",
            "identifier_prefix": "terraform-",
            "instance_class": "db.t3.micro",
            "iops": 0,
            "kms_key_id": "",
            "latest_restorable_time": "",
            "license_model": "postgresql-license",
            "listener_endpoint": [],
            "maintenance_window": "sat:03:41-sat:04:11",
            "manage_master_user_password": null,
            "master_user_secret": [],
            "master_user_secret_kms_key_id": null,
            "max_allocated_storage": 0,
            "monitoring_interval": 0,
            "monitoring_role_arn": "",
            "multi_az": false,
            "nchar_character_set_name": "",
            "network_type": "IPV4",
            "option_group_name": "default:postgres-16",
            "parameter_group_name": "default.postgres16",
            "password": "password1234",
            "password_wo": null,
            "password_wo_version": null,
            "performance_insights_enabled": false,
            "performance_insights_kms_key_id": "",
            "performance_insights_retention_period": 0,
            "port": 5432,
            "publicly_accessible": false,
            "replica_mode": "",
            "replicas": [],
            "replicate_source_db": "",
            "resource_id": "db-I25FKY2OM76TXTWHNOA2P3NP54",
            "restore_to_point_in_time": [],
            "s3_import": [],
            "skip_final_snapshot": true,
            "snapshot_identifier": null,
            "status": "available",
            "storage_encrypted": false,
            "storage_throughput": 0,
            "storage_type": "gp2",
            "tags": {},
            "tags_all": {},
            "timeouts": null,
            "timezone": "",
            "upgrade_storage_config": null,
            "username": "dbadmin",
            "vpc_security_group_ids": [
              "sg-06e662d03cd8ba81a"
            ]
          },
          "sensitive_attributes": [
            [
              {
                "type": "get_attr",
                "value": "password_wo"
              }
            ],
            [
              {
                "type": "get_attr",
                "value": "password"
              }
            ]
          ],
          "private": "eyJlMmJmYjczMC1lY2FhLTExZTYtOGY4OC0zNDM2M2JjN2M0YzAiOnsiY3JlYXRlIjozMDAwMDAwMDAwMDAwLCJkZWxldGUiOjM2MDAwMDAwMDAwMDAsInVwZGF0ZSI6NDgwMDAwMDAwMDAwMH0sInNjaGVtYV92ZXJzaW9uIjoiMiJ9",
          "dependencies": [
            "aws_db_subnet_group.rds_subnet_group",
            "aws_security_group.rds_sg",
            "aws_subnet.private1",
            "aws_subnet.private2",
            "aws_vpc.main"
          ]
        }
      ]
    },
    {
      "mode": "managed",
      "type": "aws_db_subnet_group",
      "name": "rds_subnet_group",
      "provider": "provider[\"registry.terraform.io/hashicorp/aws\"]",
      "instances": [
        {
          "schema_version": 0,
          "attributes": {
            "arn": "arn:aws:rds:us-east-1:440744257353:subgrp:rds-subnet-group",
            "description": "Managed by Terraform",
            "id": "rds-subnet-group",
            "name": "rds-subnet-group",
            "name_prefix": "",
            "subnet_ids": [
              "subnet-04e58e9d52e34b0bd",
              "subnet-08d69608eb738412a"
            ],
            "supported_network_types": [
              "IPV4"
            ],
            "tags": {
              "Name": "RDS Subnet Group"
            },
            "tags_all": {
              "Name": "RDS Subnet Group"
            },
            "vpc_id": "vpc-0a8bc68bb87f7cdca"
          },
          "sensitive_attributes": [],
          "private": "bnVsbA==",
          "dependencies": [
            "aws_subnet.private1",
            "aws_subnet.private2",
            "aws_vpc.main"
          ]
        }
      ]
    },
    {
      "mode": "managed",
      "type": "aws_instance",
      "name": "flask_app",
      "provider": "provider[\"registry.terraform.io/hashicorp/aws\"]",
      "instances": [
        {
          "schema_version": 1,
          "attributes": {
            "ami": "ami-0f96c63e39f9144bc",
            "arn": "arn:aws:ec2:us-east-1:440744257353:instance/i-07ac200c1f279a07c",
            "associate_public_ip_address": true,
            "availability_zone": "us-east-1a",
            "capacity_reservation_specification": [
              {
                "capacity_reservation_preference": "open",
                "capacity_reservation_target": []
              }
            ],
            "cpu_core_count": 1,
            "cpu_options": [
              {
                "amd_sev_snp": "",
                "core_count": 1,
                "threads_per_core": 1
              }
            ],
            "cpu_threads_per_core": 1,
            "credit_specification": [
              {
                "cpu_credits": "standard"
              }
            ],
            "disable_api_stop": false,
            "disable_api_termination": false,
            "ebs_block_device": [],
            "ebs_optimized": false,
            "enable_primary_ipv6": null,
            "enclave_options": [
              {
                "enabled": false
              }
            ],
            "ephemeral_block_device": [],
            "get_password_data": false,
            "hibernation": false,
            "host_id": "",
            "host_resource_group_arn": null,
            "iam_instance_profile": "",
            "id": "i-07ac200c1f279a07c",
            "instance_initiated_shutdown_behavior": "stop",
            "instance_lifecycle": "",
            "instance_market_options": [],
            "instance_state": "running",
            "instance_type": "t2.micro",
            "ipv6_address_count": 0,
            "ipv6_addresses": [],
            "key_name": "my-key",
            "launch_template": [],
            "maintenance_options": [
              {
                "auto_recovery": "default"
              }
            ],
            "metadata_options": [
              {
                "http_endpoint": "enabled",
                "http_protocol_ipv6": "disabled",
                "http_put_response_hop_limit": 1,
                "http_tokens": "optional",
                "instance_metadata_tags": "disabled"
              }
            ],
            "monitoring": false,
            "network_interface": [],
            "outpost_arn": "",
            "password_data": "",
            "placement_group": "",
            "placement_partition_number": 0,
            "primary_network_interface_id": "eni-0b39c6b53b558ee25",
            "private_dns": "ip-10-0-1-18.ec2.internal",
            "private_dns_name_options": [
              {
                "enable_resource_name_dns_a_record": false,
                "enable_resource_name_dns_aaaa_record": false,
                "hostname_type": "ip-name"
              }
            ],
            "private_ip": "10.0.1.18",
            "public_dns": "",
            "public_ip": "54.91.240.54",
            "root_block_device": [
              {
                "delete_on_termination": true,
                "device_name": "/dev/xvda",
                "encrypted": false,
                "iops": 100,
                "kms_key_id": "",
                "tags": {},
                "tags_all": {},
                "throughput": 0,
                "volume_id": "vol-089a92316a4c17b24",
                "volume_size": 8,
                "volume_type": "gp2"
              }
            ],
            "secondary_private_ips": [],
            "security_groups": [
              "sg-0cc1fcce065305db7"
            ],
            "source_dest_check": true,
            "spot_instance_request_id": "",
            "subnet_id": "subnet-0c7a69d74e1971d82",
            "tags": {
              "Name": "FlaskApp"
            },
            "tags_all": {
              "Name": "FlaskApp"
            },
            "tenancy": "default",
            "timeouts": null,
            "user_data": null,
            "user_data_base64": null,
            "user_data_replace_on_change": false,
            "volume_tags": null,
            "vpc_security_group_ids": [
              "sg-0cc1fcce065305db7"
            ]
          },
          "sensitive_attributes": [],
          "private": "eyJlMmJmYjczMC1lY2FhLTExZTYtOGY4OC0zNDM2M2JjN2M0YzAiOnsiY3JlYXRlIjo2MDAwMDAwMDAwMDAsImRlbGV0ZSI6MTIwMDAwMDAwMDAwMCwicmVhZCI6OTAwMDAwMDAwMDAwLCJ1cGRhdGUiOjYwMDAwMDAwMDAwMH0sInNjaGVtYV92ZXJzaW9uIjoiMSJ9",
          "dependencies": [
            "aws_key_pair.generated_key",
            "aws_security_group.alb_sg",
            "aws_security_group.ec2_sg",
            "aws_subnet.public1",
            "aws_vpc.main",
            "tls_private_key.my_key"
          ]
        }
      ]
    },
    {
      "mode": "managed",
      "type": "aws_internet_gateway",
      "name": "igw",
      "provider": "provider[\"registry.terraform.io/hashicorp/aws\"]",
      "instances": [
        {
          "schema_version": 0,
          "attributes": {
            "arn": "arn:aws:ec2:us-east-1:440744257353:internet-gateway/igw-075136c55b0780270",
            "id": "igw-075136c55b0780270",
            "owner_id": "440744257353",
            "tags": {},
            "tags_all": {},
            "timeouts": null,
            "vpc_id": "vpc-0a8bc68bb87f7cdca"
          },
          "sensitive_attributes": [],
          "private": "eyJlMmJmYjczMC1lY2FhLTExZTYtOGY4OC0zNDM2M2JjN2M0YzAiOnsiY3JlYXRlIjoxMjAwMDAwMDAwMDAwLCJkZWxldGUiOjEyMDAwMDAwMDAwMDAsInVwZGF0ZSI6MTIwMDAwMDAwMDAwMH19",
          "dependencies": [
            "aws_vpc.main"
          ]
        }
      ]
    },
    {
      "mode": "managed",
      "type": "aws_key_pair",
      "name": "generated_key",
      "provider": "provider[\"registry.terraform.io/hashicorp/aws\"]",
      "instances": [
        {
          "schema_version": 1,
          "attributes": {
            "arn": "arn:aws:ec2:us-east-1:440744257353:key-pair/my-key",
            "fingerprint": "23:f1:a4:87:7c:29:cf:f8:15:a8:d2:4a:fd:f5:e3:16",
            "id": "my-key",
            "key_name": "my-key",
            "key_name_prefix": "",
            "key_pair_id": "key-0efc352d1560825ee",
            "key_type": "rsa",
            "public_key": "ssh-rsa AAAAB3NzaC1yc2EAAAADAQABAAACAQDbu2Btp5+MzVje6rjC60hpPYamySFYVg3+/wVhHM5DnVzgKSQLbNwOS4XELwudP5EMvjgd4FFqK0FUplteYlIcEZqyPDJubeumkQ3dktsX3B8GZWfCD0M6mccVpPCbFZIDWTZ7LoVFPDNA7j7XrRIMBuxV58ZC6/+4caiHjwtfSACFahTg0EqhOrUp2tWF/02efUk2cVI5wpOcgc8S0Wzz2cP2/cUpqib2V3f7PqhV9uRmWpqA6+Wog5VHHAyHaWsj58lEn6rbQge4MGEzotRuv5CMSOSduGMExlq+QVYrJi8oxTCZYd8Y5x+V4yEbGGxTKLP8Xu5pgWJW47gsj0hZ+KxyaGC7v6RXFUwlUIy45dRAwRgI05noJVBKPE2OwGmsnECQUC04vZ+gOpsH8oOIkAMKTuMBdX4jQfAFKyaOwwGFZa324Ojk7jQFQJgQEmxr+UCKM9YDryT9xrnH9ovsehSSdz+0rINzEENL2nSebblmOHsMldacZB3NjByRM19Digqu5VujuTgImA8gfjzKtDNarJzUAzK6L2+jfJ2CR4yt3zvexDZASDNrQN7MYZEsAWCV8filzbGAOUgc3zy1mo3TBjBmC5oGmojqm4CgWaPHJRAP7HtjndMo1VcAGYDEy9R6I8MmOEvgBQaxAjx7cl93Ucqk2/NLyd1GTsVUXw==",
            "tags": {},
            "tags_all": {}
          },
          "sensitive_attributes": [],
          "private": "eyJzY2hlbWFfdmVyc2lvbiI6IjEifQ==",
          "dependencies": [
            "tls_private_key.my_key"
          ]
        }
      ]
    },
    {
      "mode": "managed",
      "type": "aws_lb",
      "name": "my_alb",
      "provider": "provider[\"registry.terraform.io/hashicorp/aws\"]",
      "instances": [
        {
          "schema_version": 0,
          "attributes": {
            "access_logs": [
              {
                "bucket": "",
                "enabled": false,
                "prefix": ""
              }
            ],
            "arn": "arn:aws:elasticloadbalancing:us-east-1:440744257353:loadbalancer/app/my-alb/bad5168afa77518b",
            "arn_suffix": "app/my-alb/bad5168afa77518b",
            "client_keep_alive": 3600,
            "connection_logs": [
              {
                "bucket": "",
                "enabled": false,
                "prefix": ""
              }
            ],
            "customer_owned_ipv4_pool": "",
            "desync_mitigation_mode": "defensive",
            "dns_name": "my-alb-166970694.us-east-1.elb.amazonaws.com",
            "dns_record_client_routing_policy": null,
            "drop_invalid_header_fields": false,
            "enable_cross_zone_load_balancing": true,
            "enable_deletion_protection": false,
            "enable_http2": true,
            "enable_tls_version_and_cipher_suite_headers": false,
            "enable_waf_fail_open": false,
            "enable_xff_client_port": false,
            "enable_zonal_shift": false,
            "enforce_security_group_inbound_rules_on_private_link_traffic": "",
            "id": "arn:aws:elasticloadbalancing:us-east-1:440744257353:loadbalancer/app/my-alb/bad5168afa77518b",
            "idle_timeout": 60,
            "internal": false,
            "ip_address_type": "ipv4",
            "load_balancer_type": "application",
            "name": "my-alb",
            "name_prefix": "",
            "preserve_host_header": false,
            "security_groups": [
              "sg-0767b965385d8eaec"
            ],
            "subnet_mapping": [
              {
                "allocation_id": "",
                "ipv6_address": "",
                "outpost_id": "",
                "private_ipv4_address": "",
                "subnet_id": "subnet-03dfa53e98ebbc8eb"
              },
              {
                "allocation_id": "",
                "ipv6_address": "",
                "outpost_id": "",
                "private_ipv4_address": "",
                "subnet_id": "subnet-0c7a69d74e1971d82"
              }
            ],
            "subnets": [
              "subnet-03dfa53e98ebbc8eb",
              "subnet-0c7a69d74e1971d82"
            ],
            "tags": {
              "Name": "my-alb"
            },
            "tags_all": {
              "Name": "my-alb"
            },
            "timeouts": null,
            "vpc_id": "vpc-0a8bc68bb87f7cdca",
            "xff_header_processing_mode": "append",
            "zone_id": "Z35SXDOTRQ7X7K"
          },
          "sensitive_attributes": [],
          "private": "eyJlMmJmYjczMC1lY2FhLTExZTYtOGY4OC0zNDM2M2JjN2M0YzAiOnsiY3JlYXRlIjo2MDAwMDAwMDAwMDAsImRlbGV0ZSI6NjAwMDAwMDAwMDAwLCJ1cGRhdGUiOjYwMDAwMDAwMDAwMH19",
          "dependencies": [
            "aws_security_group.alb_sg",
            "aws_subnet.public1",
            "aws_subnet.public2",
            "aws_vpc.main"
          ]
        }
      ]
    },
    {
      "mode": "managed",
      "type": "aws_route",
      "name": "public_internet_access",
      "provider": "provider[\"registry.terraform.io/hashicorp/aws\"]",
      "instances": [
        {
          "schema_version": 0,
          "attributes": {
            "carrier_gateway_id": "",
            "core_network_arn": "",
            "destination_cidr_block": "0.0.0.0/0",
            "destination_ipv6_cidr_block": "",
            "destination_prefix_list_id": "",
            "egress_only_gateway_id": "",
            "gateway_id": "igw-075136c55b0780270",
            "id": "r-rtb-0180756ac6a70a49f1080289494",
            "instance_id": "",
            "instance_owner_id": "",
            "local_gateway_id": "",
            "nat_gateway_id": "",
            "network_interface_id": "",
            "origin": "CreateRoute",
            "route_table_id": "rtb-0180756ac6a70a49f",
            "state": "active",
            "timeouts": null,
            "transit_gateway_id": "",
            "vpc_endpoint_id": "",
            "vpc_peering_connection_id": ""
          },
          "sensitive_attributes": [],
          "private": "eyJlMmJmYjczMC1lY2FhLTExZTYtOGY4OC0zNDM2M2JjN2M0YzAiOnsiY3JlYXRlIjozMDAwMDAwMDAwMDAsImRlbGV0ZSI6MzAwMDAwMDAwMDAwLCJ1cGRhdGUiOjEyMDAwMDAwMDAwMH19",
          "dependencies": [
            "aws_internet_gateway.igw",
            "aws_route_table.public_rt",
            "aws_vpc.main"
          ]
        }
      ]
    },
    {
      "mode": "managed",
      "type": "aws_route_table",
      "name": "public_rt",
      "provider": "provider[\"registry.terraform.io/hashicorp/aws\"]",
      "instances": [
        {
          "schema_version": 0,
          "attributes": {
            "arn": "arn:aws:ec2:us-east-1:440744257353:route-table/rtb-0180756ac6a70a49f",
            "id": "rtb-0180756ac6a70a49f",
            "owner_id": "440744257353",
            "propagating_vgws": [],
            "route": [
              {
                "carrier_gateway_id": "",
                "cidr_block": "0.0.0.0/0",
                "core_network_arn": "",
                "destination_prefix_list_id": "",
                "egress_only_gateway_id": "",
                "gateway_id": "igw-075136c55b0780270",
                "ipv6_cidr_block": "",
                "local_gateway_id": "",
                "nat_gateway_id": "",
                "network_interface_id": "",
                "transit_gateway_id": "",
                "vpc_endpoint_id": "",
                "vpc_peering_connection_id": ""
              }
            ],
            "tags": {},
            "tags_all": {},
            "timeouts": null,
            "vpc_id": "vpc-0a8bc68bb87f7cdca"
          },
          "sensitive_attributes": [],
          "private": "eyJlMmJmYjczMC1lY2FhLTExZTYtOGY4OC0zNDM2M2JjN2M0YzAiOnsiY3JlYXRlIjozMDAwMDAwMDAwMDAsImRlbGV0ZSI6MzAwMDAwMDAwMDAwLCJ1cGRhdGUiOjEyMDAwMDAwMDAwMH19",
          "dependencies": [
            "aws_vpc.main"
          ]
        }
      ]
    },
    {
      "mode": "managed",
      "type": "aws_route_table_association",
      "name": "public1_assoc",
      "provider": "provider[\"registry.terraform.io/hashicorp/aws\"]",
      "instances": [
        {
          "schema_version": 0,
          "attributes": {
            "gateway_id": "",
            "id": "rtbassoc-04441ddb8cb87a8f6",
            "route_table_id": "rtb-0180756ac6a70a49f",
            "subnet_id": "subnet-0c7a69d74e1971d82",
            "timeouts": null
          },
          "sensitive_attributes": [],
          "private": "eyJlMmJmYjczMC1lY2FhLTExZTYtOGY4OC0zNDM2M2JjN2M0YzAiOnsiY3JlYXRlIjozMDAwMDAwMDAwMDAsImRlbGV0ZSI6MzAwMDAwMDAwMDAwLCJ1cGRhdGUiOjEyMDAwMDAwMDAwMH19",
          "dependencies": [
            "aws_route_table.public_rt",
            "aws_subnet.public1",
            "aws_vpc.main"
          ]
        }
      ]
    },
    {
      "mode": "managed",
      "type": "aws_route_table_association",
      "name": "public2_assoc",
      "provider": "provider[\"registry.terraform.io/hashicorp/aws\"]",
      "instances": [
        {
          "schema_version": 0,
          "attributes": {
            "gateway_id": "",
            "id": "rtbassoc-0d2fc0c57e0a8f858",
            "route_table_id": "rtb-0180756ac6a70a49f",
            "subnet_id": "subnet-03dfa53e98ebbc8eb",
            "timeouts": null
          },
          "sensitive_attributes": [],
          "private": "eyJlMmJmYjczMC1lY2FhLTExZTYtOGY4OC0zNDM2M2JjN2M0YzAiOnsiY3JlYXRlIjozMDAwMDAwMDAwMDAsImRlbGV0ZSI6MzAwMDAwMDAwMDAwLCJ1cGRhdGUiOjEyMDAwMDAwMDAwMH19",
          "dependencies": [
            "aws_route_table.public_rt",
            "aws_subnet.public2",
            "aws_vpc.main"
          ]
        }
      ]
    },
    {
      "mode": "managed",
      "type": "aws_security_group",
      "name": "alb_sg",
      "provider": "provider[\"registry.terraform.io/hashicorp/aws\"]",
      "instances": [
        {
          "schema_version": 1,
          "attributes": {
            "arn": "arn:aws:ec2:us-east-1:440744257353:security-group/sg-0767b965385d8eaec",
            "description": "Managed by Terraform",
            "egress": [
              {
                "cidr_blocks": [
                  "0.0.0.0/0"
                ],
                "description": "",
                "from_port": 80,
                "ipv6_cidr_blocks": [],
                "prefix_list_ids": [],
                "protocol": "tcp",
                "security_groups": [],
                "self": false,
                "to_port": 80
              }
            ],
            "id": "sg-0767b965385d8eaec",
            "ingress": [
              {
                "cidr_blocks": [
                  "0.0.0.0/0"
                ],
                "description": "",
                "from_port": 443,
                "ipv6_cidr_blocks": [],
                "prefix_list_ids": [],
                "protocol": "tcp",
                "security_groups": [],
                "self": false,
                "to_port": 443
              },
              {
                "cidr_blocks": [
                  "0.0.0.0/0"
                ],
                "description": "",
                "from_port": 80,
                "ipv6_cidr_blocks": [],
                "prefix_list_ids": [],
                "protocol": "tcp",
                "security_groups": [],
                "self": false,
                "to_port": 80
              }
            ],
            "name": "terraform-20250301183402533100000001",
            "name_prefix": "terraform-",
            "owner_id": "440744257353",
            "revoke_rules_on_delete": false,
            "tags": {
              "Name": "ALB Security Group"
            },
            "tags_all": {
              "Name": "ALB Security Group"
            },
            "timeouts": null,
            "vpc_id": "vpc-0a8bc68bb87f7cdca"
          },
          "sensitive_attributes": [],
          "private": "eyJlMmJmYjczMC1lY2FhLTExZTYtOGY4OC0zNDM2M2JjN2M0YzAiOnsiY3JlYXRlIjo2MDAwMDAwMDAwMDAsImRlbGV0ZSI6OTAwMDAwMDAwMDAwfSwic2NoZW1hX3ZlcnNpb24iOiIxIn0=",
          "dependencies": [
            "aws_vpc.main"
          ]
        }
      ]
    },
    {
      "mode": "managed",
      "type": "aws_security_group",
      "name": "ec2_sg",
      "provider": "provider[\"registry.terraform.io/hashicorp/aws\"]",
      "instances": [
        {
          "schema_version": 1,
          "attributes": {
            "arn": "arn:aws:ec2:us-east-1:440744257353:security-group/sg-0cc1fcce065305db7",
            "description": "Managed by Terraform",
            "egress": [
              {
                "cidr_blocks": [
                  "0.0.0.0/0"
                ],
                "description": "",
                "from_port": 0,
                "ipv6_cidr_blocks": [],
                "prefix_list_ids": [],
                "protocol": "-1",
                "security_groups": [],
                "self": false,
                "to_port": 0
              }
            ],
            "id": "sg-0cc1fcce065305db7",
            "ingress": [
              {
                "cidr_blocks": [
                  "0.0.0.0/0"
                ],
                "description": "",
                "from_port": 5000,
                "ipv6_cidr_blocks": [],
                "prefix_list_ids": [],
                "protocol": "tcp",
                "security_groups": [],
                "self": false,
                "to_port": 5000
              },
              {
                "cidr_blocks": [
                  "0.0.0.0/0"
                ],
                "description": "",
                "from_port": 8080,
                "ipv6_cidr_blocks": [],
                "prefix_list_ids": [],
                "protocol": "tcp",
                "security_groups": [],
                "self": false,
                "to_port": 8080
              },
              {
                "cidr_blocks": [
                  "0.0.0.0/0"
                ],
                "description": null,
                "from_port": 22,
                "ipv6_cidr_blocks": [],
                "prefix_list_ids": [],
                "protocol": "tcp",
                "security_groups": [],
                "self": false,
                "to_port": 22
              },
              {
                "cidr_blocks": [],
                "description": null,
                "from_port": 80,
                "ipv6_cidr_blocks": [],
                "prefix_list_ids": [],
                "protocol": "tcp",
                "security_groups": [
                  "sg-0767b965385d8eaec"
                ],
                "self": false,
                "to_port": 80
              }
            ],
            "name": "terraform-20250301183408087500000003",
            "name_prefix": "terraform-",
            "owner_id": "440744257353",
            "revoke_rules_on_delete": false,
            "tags": {
              "Name": "EC2 Security Group"
            },
            "tags_all": {
              "Name": "EC2 Security Group"
            },
            "timeouts": null,
            "vpc_id": "vpc-0a8bc68bb87f7cdca"
          },
          "sensitive_attributes": [],
          "private": "eyJlMmJmYjczMC1lY2FhLTExZTYtOGY4OC0zNDM2M2JjN2M0YzAiOnsiY3JlYXRlIjo2MDAwMDAwMDAwMDAsImRlbGV0ZSI6OTAwMDAwMDAwMDAwfSwic2NoZW1hX3ZlcnNpb24iOiIxIn0=",
          "dependencies": [
            "aws_security_group.alb_sg",
            "aws_vpc.main"
          ]
        }
      ]
    },
    {
      "mode": "managed",
      "type": "aws_security_group",
      "name": "rds_sg",
      "provider": "provider[\"registry.terraform.io/hashicorp/aws\"]",
      "instances": [
        {
          "schema_version": 1,
          "attributes": {
            "arn": "arn:aws:ec2:us-east-1:440744257353:security-group/sg-06e662d03cd8ba81a",
            "description": "Managed by Terraform",
            "egress": [
              {
                "cidr_blocks": [
                  "0.0.0.0/0"
                ],
                "description": "",
                "from_port": 0,
                "ipv6_cidr_blocks": [],
                "prefix_list_ids": [],
                "protocol": "-1",
                "security_groups": [],
                "self": false,
                "to_port": 0
              }
            ],
            "id": "sg-06e662d03cd8ba81a",
            "ingress": [
              {
                "cidr_blocks": [
                  "10.0.3.0/24"
                ],
                "description": "",
                "from_port": 5432,
                "ipv6_cidr_blocks": [],
                "prefix_list_ids": [],
                "protocol": "tcp",
                "security_groups": [],
                "self": false,
                "to_port": 5432
              }
            ],
            "name": "terraform-20250301183402807600000002",
            "name_prefix": "terraform-",
            "owner_id": "440744257353",
            "revoke_rules_on_delete": false,
            "tags": {
              "Name": "RDS Security Group"
            },
            "tags_all": {
              "Name": "RDS Security Group"
            },
            "timeouts": null,
            "vpc_id": "vpc-0a8bc68bb87f7cdca"
          },
          "sensitive_attributes": [],
          "private": "eyJlMmJmYjczMC1lY2FhLTExZTYtOGY4OC0zNDM2M2JjN2M0YzAiOnsiY3JlYXRlIjo2MDAwMDAwMDAwMDAsImRlbGV0ZSI6OTAwMDAwMDAwMDAwfSwic2NoZW1hX3ZlcnNpb24iOiIxIn0=",
          "dependencies": [
            "aws_subnet.private1",
            "aws_vpc.main"
          ]
        }
      ]
    },
    {
      "mode": "managed",
      "type": "aws_subnet",
      "name": "private1",
      "provider": "provider[\"registry.terraform.io/hashicorp/aws\"]",
      "instances": [
        {
          "schema_version": 1,
          "attributes": {
            "arn": "arn:aws:ec2:us-east-1:440744257353:subnet/subnet-04e58e9d52e34b0bd",
            "assign_ipv6_address_on_creation": false,
            "availability_zone": "us-east-1a",
            "availability_zone_id": "use1-az4",
            "cidr_block": "10.0.3.0/24",
            "customer_owned_ipv4_pool": "",
            "enable_dns64": false,
            "enable_lni_at_device_index": 0,
            "enable_resource_name_dns_a_record_on_launch": false,
            "enable_resource_name_dns_aaaa_record_on_launch": false,
            "id": "subnet-04e58e9d52e34b0bd",
            "ipv6_cidr_block": "",
            "ipv6_cidr_block_association_id": "",
            "ipv6_native": false,
            "map_customer_owned_ip_on_launch": false,
            "map_public_ip_on_launch": false,
            "outpost_arn": "",
            "owner_id": "440744257353",
            "private_dns_hostname_type_on_launch": "ip-name",
            "tags": {},
            "tags_all": {},
            "timeouts": null,
            "vpc_id": "vpc-0a8bc68bb87f7cdca"
          },
          "sensitive_attributes": [],
          "private": "eyJlMmJmYjczMC1lY2FhLTExZTYtOGY4OC0zNDM2M2JjN2M0YzAiOnsiY3JlYXRlIjo2MDAwMDAwMDAwMDAsImRlbGV0ZSI6MTIwMDAwMDAwMDAwMH0sInNjaGVtYV92ZXJzaW9uIjoiMSJ9",
          "dependencies": [
            "aws_vpc.main"
          ]
        }
      ]
    },
    {
      "mode": "managed",
      "type": "aws_subnet",
      "name": "private2",
      "provider": "provider[\"registry.terraform.io/hashicorp/aws\"]",
      "instances": [
        {
          "schema_version": 1,
          "attributes": {
            "arn": "arn:aws:ec2:us-east-1:440744257353:subnet/subnet-08d69608eb738412a",
            "assign_ipv6_address_on_creation": false,
            "availability_zone": "us-east-1b",
            "availability_zone_id": "use1-az6",
            "cidr_block": "10.0.4.0/24",
            "customer_owned_ipv4_pool": "",
            "enable_dns64": false,
            "enable_lni_at_device_index": 0,
            "enable_resource_name_dns_a_record_on_launch": false,
            "enable_resource_name_dns_aaaa_record_on_launch": false,
            "id": "subnet-08d69608eb738412a",
            "ipv6_cidr_block": "",
            "ipv6_cidr_block_association_id": "",
            "ipv6_native": false,
            "map_customer_owned_ip_on_launch": false,
            "map_public_ip_on_launch": false,
            "outpost_arn": "",
            "owner_id": "440744257353",
            "private_dns_hostname_type_on_launch": "ip-name",
            "tags": {},
            "tags_all": {},
            "timeouts": null,
            "vpc_id": "vpc-0a8bc68bb87f7cdca"
          },
          "sensitive_attributes": [],
          "private": "eyJlMmJmYjczMC1lY2FhLTExZTYtOGY4OC0zNDM2M2JjN2M0YzAiOnsiY3JlYXRlIjo2MDAwMDAwMDAwMDAsImRlbGV0ZSI6MTIwMDAwMDAwMDAwMH0sInNjaGVtYV92ZXJzaW9uIjoiMSJ9",
          "dependencies": [
            "aws_vpc.main"
          ]
        }
      ]
    },
    {
      "mode": "managed",
      "type": "aws_subnet",
      "name": "public1",
      "provider": "provider[\"registry.terraform.io/hashicorp/aws\"]",
      "instances": [
        {
          "schema_version": 1,
          "attributes": {
            "arn": "arn:aws:ec2:us-east-1:440744257353:subnet/subnet-0c7a69d74e1971d82",
            "assign_ipv6_address_on_creation": false,
            "availability_zone": "us-east-1a",
            "availability_zone_id": "use1-az4",
            "cidr_block": "10.0.1.0/24",
            "customer_owned_ipv4_pool": "",
            "enable_dns64": false,
            "enable_lni_at_device_index": 0,
            "enable_resource_name_dns_a_record_on_launch": false,
            "enable_resource_name_dns_aaaa_record_on_launch": false,
            "id": "subnet-0c7a69d74e1971d82",
            "ipv6_cidr_block": "",
            "ipv6_cidr_block_association_id": "",
            "ipv6_native": false,
            "map_customer_owned_ip_on_launch": false,
            "map_public_ip_on_launch": true,
            "outpost_arn": "",
            "owner_id": "440744257353",
            "private_dns_hostname_type_on_launch": "ip-name",
            "tags": {},
            "tags_all": {},
            "timeouts": null,
            "vpc_id": "vpc-0a8bc68bb87f7cdca"
          },
          "sensitive_attributes": [],
          "private": "eyJlMmJmYjczMC1lY2FhLTExZTYtOGY4OC0zNDM2M2JjN2M0YzAiOnsiY3JlYXRlIjo2MDAwMDAwMDAwMDAsImRlbGV0ZSI6MTIwMDAwMDAwMDAwMH0sInNjaGVtYV92ZXJzaW9uIjoiMSJ9",
          "dependencies": [
            "aws_vpc.main"
          ]
        }
      ]
    },
    {
      "mode": "managed",
      "type": "aws_subnet",
      "name": "public2",
      "provider": "provider[\"registry.terraform.io/hashicorp/aws\"]",
      "instances": [
        {
          "schema_version": 1,
          "attributes": {
            "arn": "arn:aws:ec2:us-east-1:440744257353:subnet/subnet-03dfa53e98ebbc8eb",
            "assign_ipv6_address_on_creation": false,
            "availability_zone": "us-east-1b",
            "availability_zone_id": "use1-az6",
            "cidr_block": "10.0.2.0/24",
            "customer_owned_ipv4_pool": "",
            "enable_dns64": false,
            "enable_lni_at_device_index": 0,
            "enable_resource_name_dns_a_record_on_launch": false,
            "enable_resource_name_dns_aaaa_record_on_launch": false,
            "id": "subnet-03dfa53e98ebbc8eb",
            "ipv6_cidr_block": "",
            "ipv6_cidr_block_association_id": "",
            "ipv6_native": false,
            "map_customer_owned_ip_on_launch": false,
            "map_public_ip_on_launch": true,
            "outpost_arn": "",
            "owner_id": "440744257353",
            "private_dns_hostname_type_on_launch": "ip-name",
            "tags": {},
            "tags_all": {},
            "timeouts": null,
            "vpc_id": "vpc-0a8bc68bb87f7cdca"
          },
          "sensitive_attributes": [],
          "private": "eyJlMmJmYjczMC1lY2FhLTExZTYtOGY4OC0zNDM2M2JjN2M0YzAiOnsiY3JlYXRlIjo2MDAwMDAwMDAwMDAsImRlbGV0ZSI6MTIwMDAwMDAwMDAwMH0sInNjaGVtYV92ZXJzaW9uIjoiMSJ9",
          "dependencies": [
            "aws_vpc.main"
          ]
        }
      ]
    },
    {
      "mode": "managed",
      "type": "aws_vpc",
      "name": "main",
      "provider": "provider[\"registry.terraform.io/hashicorp/aws\"]",
      "instances": [
        {
          "schema_version": 1,
          "attributes": {
            "arn": "arn:aws:ec2:us-east-1:440744257353:vpc/vpc-0a8bc68bb87f7cdca",
            "assign_generated_ipv6_cidr_block": false,
            "cidr_block": "10.0.0.0/16",
            "default_network_acl_id": "acl-0361c13b51c6d1ec9",
            "default_route_table_id": "rtb-034cc2b49b2c30d12",
            "default_security_group_id": "sg-0a5a36394cd1d0d04",
            "dhcp_options_id": "dopt-019aca439ddc9ee49",
            "enable_dns_hostnames": false,
            "enable_dns_support": true,
            "enable_network_address_usage_metrics": false,
            "id": "vpc-0a8bc68bb87f7cdca",
            "instance_tenancy": "default",
            "ipv4_ipam_pool_id": null,
            "ipv4_netmask_length": null,
            "ipv6_association_id": "",
            "ipv6_cidr_block": "",
            "ipv6_cidr_block_network_border_group": "",
            "ipv6_ipam_pool_id": "",
            "ipv6_netmask_length": 0,
            "main_route_table_id": "rtb-034cc2b49b2c30d12",
            "owner_id": "440744257353",
            "tags": {},
            "tags_all": {}
          },
          "sensitive_attributes": [],
          "private": "eyJzY2hlbWFfdmVyc2lvbiI6IjEifQ=="
        }
      ]
    },
    {
      "mode": "managed",
      "type": "local_file",
      "name": "private_key",
      "provider": "provider[\"registry.terraform.io/hashicorp/local\"]",
      "instances": [
        {
          "schema_version": 0,
          "attributes": {
            "content": "-----BEGIN RSA PRIVATE KEY-----\nMIIJKgIBAAKCAgEA27tgbaefjM1Y3uq4wutIaT2GpskhWFYN/v8FYRzOQ51c4Ckk\nC2zcDkuFxC8LnT+RDL44HeBRaitBVKZbXmJSHBGasjwybm3rppEN3ZLbF9wfBmVn\nwg9DOpnHFaTwmxWSA1k2ey6FRTwzQO4+160SDAbsVefGQuv/uHGoh48LX0gAhWoU\n4NBKoTq1KdrVhf9Nnn1JNnFSOcKTnIHPEtFs89nD9v3FKaom9ld3+z6oVfbkZlqa\ngOvlqIOVRxwMh2lrI+fJRJ+q20IHuDBhM6LUbr+QjEjknbhjBMZavkFWKyYvKMUw\nmWHfGOcfleMhGxhsUyiz/F7uaYFiVuO4LI9IWfiscmhgu7+kVxVMJVCMuOXUQMEY\nCNOZ6CVQSjxNjsBprJxAkFAtOL2foDqbB/KDiJADCk7jAXV+I0HwBSsmjsMBhWWt\n9uDo5O40BUCYEBJsa/lAijPWA68k/ca5x/aL7HoUknc/tKyDcxBDS9p0nm25Zjh7\nDJXWnGQdzYwckTNfQ4oKruVbo7k4CJgPIH48yrQzWqyc1AMyui9vo3ydgkeMrd87\n3sQ2QEgza0DezGGRLAFglfH4pc2xgDlIHN88tZqN0wYwZguaBpqI6puAoFmjxyUQ\nD+x7Y53TKNVXABmAxMvUeiPDJjhL4AUGsQI8e3Jfd1HKpNvzS8ndRk7FVF8CAwEA\nAQKCAgEAz51tUE64h06jcQUxDCNJqP6UUtTp59BvqweFKqwQDH0Me1UEFLOH/Q3I\n14RoIe0k/XhiB4CjDIDQWs5QuI6H7LOJim0sbYD4zspx4nDXCOVYfy+jaQ4IxL72\nB/Jv0OkBrJ5Hxv4+uBtYhjpWMGz8B1cnSUgU4bihR8JErckvwpiCvYxtK7pDObIB\n6Qk3BUQkL+NLIODUA3VhCdjxMmOk4YdaDO7cszBtXgdpe4BJh+gfCMMFB1ldButF\nSgoroGqv7B4e4vNGeaMbLiKwRRzOQdJJHvPk502IacONjASqCV0r5Ablk5eRN7Nx\n+arA5hwehjiIT6XW+ONiap0BsUC052SfnJv9BpWlRvcmE4nrpQo/Xm5j7kxIPACD\nldUbVNYz8YK93SjzYN8IiMjqTQPtkjHsaNvIoTxqIgJ35QhAr3p9GfUBOrNsA33N\nYDTGP8fVgytRBJplpB5IoYNeNl6Pqh7zfNjKKCUAffNGawhm1L4meDLghyUp9UIX\n3EW+vMU9Uz8Ck+wQwaJImcWAKds/w7GhnKIW9Q2pU2u3aGwfAgliDkDshbLT332e\nRiinlF+6OX7+Bn79kVmARx8dd9/tihrjdeOWBkkdpybiOnpnK7VQMOqSeCP/jGdE\nmto8h/zTSkrIqHbioNUggjQE5lyUE/+yXxQzwzSqgkVmZctVzykCggEBANy5p5+k\nE3InByAFpK+kvTUKQTKMHuEwy+oE5ATgn/vgUipZv5JrERrtn9GBiXgaujd6ma1q\nT0/Mt47M3VLcPq/LeCR5zT/zceWk6DO3jBQ26tkqq/nREP5UKoC8x47iZ03D65Td\njfYImD2HL0AfxgH4zviY4S8KLanINc2ZB8wUSGLx6OKsE17PchWNDYNmi6xmmRaG\nYkkkGSU+qRaiKzPuf2ud3UxPvUFU8gnlkV7qPTlGwHq5K2XC8PVZWR0RdUThGOpz\nvdKbLOj9qMOnOmSHHMe1R3gi8D713LD7Kvl2OBNYC1sJzRPxplhcpcaJHxeRCf+c\nvk8ajhUiy8d3llsCggEBAP7ZFbz8KgSFo+FDAIontRZ1fB26Twr+iM/6Nxi3XD4M\ngsuyxELOWwFGbV1ZlQqfjNeQrRaHQ71ws+RooeOWA77FxBZ45PQSwK+t2/cqp8tn\nLBlAORK/dGV2mzB1bDRKeADUUVKMJoavsZo08rEA9moTvFkem1kJFlfjDuvj8HGM\no0zgIay5s7zBWSd6aG1eBl69dntre8QgXDOdyv5rTQ3FlOE8TfYeSecsYO9hD1s+\nqwrchasGJOUESlWz+QV87g4BsG0KMaZoD0Y1AB2V9hbMLjqhUkTlE6pVaCjxIgTp\nYooYxxNCLpkqgeNOGkJI13EzGVucKDlJvY/IYpngQU0CggEBANoLWQi+SCt7XHGI\nwaB1qCfOYouxmguxba9Xd31N/R0QA3ssv6+/rt0gIsIPKiMInC6UIV4LaCAXxrj9\nriHdyttUr/GwlU74iepm1q/IQUvy2FsB6XPW0Oe9c2NLmgOPqqdKxN2BZGzJHsOh\nWM8K1Es8ZBF2zPTwJB3V1zisVOSIoN2Fxh6uCFCfsz6Q4emNkqsTi2WSCWPhkimV\n1emy9+TMVPmVsHhjST1R0exu6QWPdj2vpBNX+wQC6JAm3H53sZYCm993yOxVOK9N\nbbsh5vBJ/OdYMCsAsL4xmPsIk/Jtk4Wgc09SxlFOZZpio60V5i4crHjjeaihPfyp\nLA93FoMCggEAYKvATzvoRGbdT2m3HrEJREe0mSI/MZB0HVBw7fNADll4lARv5leY\ntdcdTTfaDXmQV4UN42nUDFxgINh/8HDLYuZqB4w8bUlfxkRRGGUZ2VJ9q+Zsv+vY\nH1TqcWtZbEyDUO05G/MF+jlTSYekN/iBgKOT4sp1a0TDMPt0gY6peqk6mMK8g2S+\nBW/ifdM1Iad1CyMbep2/CRqtXvcQNYpGZF76pqXVfPLoXcS70JIk3RvcjfYwzjs6\na5VBDVmDsM0/EBkb74DabKE0ihE4xgBIpUU2lA71wiSTXR2gsUcm/G37bx8PBQMp\n4ff55VuPIm23K72SdOm7aF/MhGoi3PPwUQKCAQEAuPvc+9grC8Y/37Q7vvwJccPu\nTZbUIUW7QdcGFkU9RVgRFZ4sJ5f+2q7ao/vkEu2YehIoNrGzRBdMscZwhkqgU5rT\n1vmK4G7c9VRTz5HTSWRGJEV+IE7zBzvJvIW2wuGBRX0yV1rhAkqBGWiql7FG8zve\nVVb2mmqpPfFthSMNOCpPL1WrDal64cCgXRqMRuefk2n8Cojz60YaSHOf9/2FR1Od\nbsMkW8VSVYYJFtWUA278O2WLu2bb26WKRynljWXV4VJQjz6jUmz68U2gcnHT4R2K\neoYcG/YnDTusOEPPn/agVhG0/6p4qXgZIs+37OT7L7Hg47mJWQ7mzdE62vYN5Q==\n-----END RSA PRIVATE KEY-----\n",
            "content_base64": null,
            "content_base64sha256": "YKoxUh/cI50TQC2k6lEYRLTrl4HhLcogMJOqsaonfQM=",
            "content_base64sha512": "5bWvM7Px30WoWC0jSuvVaoFlJG4cFKm/WFO3L+awbf1/ai3TLKbRtceQXzZyQ+LtAG/8lEmE8a9aMBk/i6zLXw==",
            "content_md5": "1e9db2544bbd8efe77bb41d629a3a525",
            "content_sha1": "bb15ed1b9b9f34abb4a3c4d6d6c8491dd0187666",
            "content_sha256": "60aa31521fdc239d13402da4ea511844b4eb9781e12dca203093aab1aa277d03",
            "content_sha512": "e5b5af33b3f1df45a8582d234aebd56a8165246e1c14a9bf5853b72fe6b06dfd7f6a2dd32ca6d1b5c7905f367243e2ed006ffc944984f1af5a30193f8baccb5f",
            "directory_permission": "0777",
            "file_permission": "600",
            "filename": "C:/Users/user/.ssh/id_rsa.pem",
            "id": "bb15ed1b9b9f34abb4a3c4d6d6c8491dd0187666",
            "sensitive_content": null,
            "source": null
          },
          "sensitive_attributes": [
            [
              {
                "type": "get_attr",
                "value": "content"
              }
            ],
            [
              {
                "type": "get_attr",
                "value": "sensitive_content"
              }
            ]
          ],
          "dependencies": [
            "tls_private_key.my_key"
          ]
        }
      ]
    },
    {
      "mode": "managed",
      "type": "local_file",
      "name": "terraform_outputs",
      "provider": "provider[\"registry.terraform.io/hashicorp/local\"]",
      "instances": [
        {
          "schema_version": 0,
          "attributes": {
            "content": "export ALB_DNS_NAME=\"my-alb-166970694.us-east-1.elb.amazonaws.com\"\nexport EC2_PUBLIC_IP=\"54.91.240.54\"\nexport RDS_ENDPOINT=\"terraform-20250301193516688500000001.cexgyec6uybj.us-east-1.rds.amazonaws.com:5432\"\n",
            "content_base64": null,
            "content_base64sha256": "TT4BjpYTJD1a+mvFDrkgR8R72sfvmuzpmAFRSi7BtG0=",
            "content_base64sha512": "AqJkXfal+zeOs5KZ5VNcvQOMgEG3VzUxn2OQzpcEKFTSPDYSCL9IxvsQr25/FMtrQaZagKFXq22ihHBvjuVcqg==",
            "content_md5": "4a7c964e2621a90321ac79512e0369f0",
            "content_sha1": "7d5d7b778b3ac6d7cbb0b58cb1c476e2d9cd1026",
            "content_sha256": "4d3e018e9613243d5afa6bc50eb92047c47bdac7ef9aece99801514a2ec1b46d",
            "content_sha512": "02a2645df6a5fb378eb39299e5535cbd038c8041b75735319f6390ce97042854d23c361208bf48c6fb10af6e7f14cb6b41a65a80a157ab6da284706f8ee55caa",
            "directory_permission": "0777",
            "file_permission": "0777",
            "filename": "C:/Users/user/Desktop/scripts/terraform_outputs.sh",
            "id": "7d5d7b778b3ac6d7cbb0b58cb1c476e2d9cd1026",
            "sensitive_content": null,
            "source": null
          },
          "sensitive_attributes": [
            [
              {
                "type": "get_attr",
                "value": "sensitive_content"
              }
            ]
          ],
          "dependencies": [
            "aws_db_instance.student_db",
            "aws_db_subnet_group.rds_subnet_group",
            "aws_instance.flask_app",
            "aws_key_pair.generated_key",
            "aws_lb.my_alb",
            "aws_security_group.alb_sg",
            "aws_security_group.ec2_sg",
            "aws_security_group.rds_sg",
            "aws_subnet.private1",
            "aws_subnet.private2",
            "aws_subnet.public1",
            "aws_subnet.public2",
            "aws_vpc.main",
            "tls_private_key.my_key"
          ]
        }
      ]
    },
    {
      "mode": "managed",
      "type": "tls_private_key",
      "name": "my_key",
      "provider": "provider[\"registry.terraform.io/hashicorp/tls\"]",
      "instances": [
        {
          "schema_version": 1,
          "attributes": {
            "algorithm": "RSA",
            "ecdsa_curve": "P224",
            "id": "9b4b44a086166e8dd67809af2b619d40413b94ed",
            "private_key_openssh": "-----BEGIN OPENSSH PRIVATE KEY-----\nb3BlbnNzaC1rZXktdjEAAAAABG5vbmUAAAAEbm9uZQAAAAAAAAABAAACFwAAAAdz\nc2gtcnNhAAAAAwEAAQAAAgEA27tgbaefjM1Y3uq4wutIaT2GpskhWFYN/v8FYRzO\nQ51c4CkkC2zcDkuFxC8LnT+RDL44HeBRaitBVKZbXmJSHBGasjwybm3rppEN3ZLb\nF9wfBmVnwg9DOpnHFaTwmxWSA1k2ey6FRTwzQO4+160SDAbsVefGQuv/uHGoh48L\nX0gAhWoU4NBKoTq1KdrVhf9Nnn1JNnFSOcKTnIHPEtFs89nD9v3FKaom9ld3+z6o\nVfbkZlqagOvlqIOVRxwMh2lrI+fJRJ+q20IHuDBhM6LUbr+QjEjknbhjBMZavkFW\nKyYvKMUwmWHfGOcfleMhGxhsUyiz/F7uaYFiVuO4LI9IWfiscmhgu7+kVxVMJVCM\nuOXUQMEYCNOZ6CVQSjxNjsBprJxAkFAtOL2foDqbB/KDiJADCk7jAXV+I0HwBSsm\njsMBhWWt9uDo5O40BUCYEBJsa/lAijPWA68k/ca5x/aL7HoUknc/tKyDcxBDS9p0\nnm25Zjh7DJXWnGQdzYwckTNfQ4oKruVbo7k4CJgPIH48yrQzWqyc1AMyui9vo3yd\ngkeMrd873sQ2QEgza0DezGGRLAFglfH4pc2xgDlIHN88tZqN0wYwZguaBpqI6puA\noFmjxyUQD+x7Y53TKNVXABmAxMvUeiPDJjhL4AUGsQI8e3Jfd1HKpNvzS8ndRk7F\nVF8AAAc4Sw6VeksOlXoAAAAHc3NoLXJzYQAAAgEA27tgbaefjM1Y3uq4wutIaT2G\npskhWFYN/v8FYRzOQ51c4CkkC2zcDkuFxC8LnT+RDL44HeBRaitBVKZbXmJSHBGa\nsjwybm3rppEN3ZLbF9wfBmVnwg9DOpnHFaTwmxWSA1k2ey6FRTwzQO4+160SDAbs\nVefGQuv/uHGoh48LX0gAhWoU4NBKoTq1KdrVhf9Nnn1JNnFSOcKTnIHPEtFs89nD\n9v3FKaom9ld3+z6oVfbkZlqagOvlqIOVRxwMh2lrI+fJRJ+q20IHuDBhM6LUbr+Q\njEjknbhjBMZavkFWKyYvKMUwmWHfGOcfleMhGxhsUyiz/F7uaYFiVuO4LI9IWfis\ncmhgu7+kVxVMJVCMuOXUQMEYCNOZ6CVQSjxNjsBprJxAkFAtOL2foDqbB/KDiJAD\nCk7jAXV+I0HwBSsmjsMBhWWt9uDo5O40BUCYEBJsa/lAijPWA68k/ca5x/aL7HoU\nknc/tKyDcxBDS9p0nm25Zjh7DJXWnGQdzYwckTNfQ4oKruVbo7k4CJgPIH48yrQz\nWqyc1AMyui9vo3ydgkeMrd873sQ2QEgza0DezGGRLAFglfH4pc2xgDlIHN88tZqN\n0wYwZguaBpqI6puAoFmjxyUQD+x7Y53TKNVXABmAxMvUeiPDJjhL4AUGsQI8e3Jf\nd1HKpNvzS8ndRk7FVF8AAAADAQABAAACAQDPnW1QTriHTqNxBTEMI0mo/pRS1Onn\n0G+rB4UqrBAMfQx7VQQUs4f9DcjXhGgh7ST9eGIHgKMMgNBazlC4jofss4mKbSxt\ngPjOynHicNcI5Vh/L6NpDgjEvvYH8m/Q6QGsnkfG/j64G1iGOlYwbPwHVydJSBTh\nuKFHwkStyS/CmIK9jG0rukM5sgHpCTcFRCQv40sg4NQDdWEJ2PEyY6Thh1oM7tyz\nMG1eB2l7gEmH6B8IwwUHWV0G60VKCiugaq/sHh7i80Z5oxsuIrBFHM5B0kke8+Tn\nTYhpw42MBKoJXSvkBuWTl5E3s3H5qsDmHB6GOIhPpdb442JqnQGxQLTnZJ+cm/0G\nlaVG9yYTieulCj9ebmPuTEg8AIOV1RtU1jPxgr3dKPNg3wiIyOpNA+2SMexo28ih\nPGoiAnflCECven0Z9QE6s2wDfc1gNMY/x9WDK1EEmmWkHkihg142Xo+qHvN82Moo\nJQB980ZrCGbUviZ4MuCHJSn1QhfcRb68xT1TPwKT7BDBokiZxYAp2z/DsaGcohb1\nDalTa7dobB8CCWIOQOyFstPffZ5GKKeUX7o5fv4Gfv2RWYBHHx133+2KGuN145YG\nSR2nJuI6emcrtVAw6pJ4I/+MZ0Sa2jyH/NNKSsioduKg1SCCNATmXJQT/7JfFDPD\nNKqCRWZly1XPKQAAAQEAuPvc+9grC8Y/37Q7vvwJccPuTZbUIUW7QdcGFkU9RVgR\nFZ4sJ5f+2q7ao/vkEu2YehIoNrGzRBdMscZwhkqgU5rT1vmK4G7c9VRTz5HTSWRG\nJEV+IE7zBzvJvIW2wuGBRX0yV1rhAkqBGWiql7FG8zveVVb2mmqpPfFthSMNOCpP\nL1WrDal64cCgXRqMRuefk2n8Cojz60YaSHOf9/2FR1OdbsMkW8VSVYYJFtWUA278\nO2WLu2bb26WKRynljWXV4VJQjz6jUmz68U2gcnHT4R2KeoYcG/YnDTusOEPPn/ag\nVhG0/6p4qXgZIs+37OT7L7Hg47mJWQ7mzdE62vYN5QAAAQEA3Lmnn6QTcicHIAWk\nr6S9NQpBMowe4TDL6gTkBOCf++BSKlm/kmsRGu2f0YGJeBq6N3qZrWpPT8y3jszd\nUtw+r8t4JHnNP/Nx5aToM7eMFDbq2Sqr+dEQ/lQqgLzHjuJnTcPrlN2N9giYPYcv\nQB/GAfjO+JjhLwotqcg1zZkHzBRIYvHo4qwTXs9yFY0Ng2aLrGaZFoZiSSQZJT6p\nFqIrM+5/a53dTE+9QVTyCeWRXuo9OUbAerkrZcLw9VlZHRF1ROEY6nO90pss6P2o\nw6c6ZIccx7VHeCLwPvXcsPsq+XY4E1gLWwnNE/GmWFylxokfF5EJ/5y+TxqOFSLL\nx3eWWwAAAQEA/tkVvPwqBIWj4UMAiie1FnV8HbpPCv6Iz/o3GLdcPgyCy7LEQs5b\nAUZtXVmVCp+M15CtFodDvXCz5Gih45YDvsXEFnjk9BLAr63b9yqny2csGUA5Er90\nZXabMHVsNEp4ANRRUowmhq+xmjTysQD2ahO8WR6bWQkWV+MO6+PwcYyjTOAhrLmz\nvMFZJ3pobV4GXr12e2t7xCBcM53K/mtNDcWU4TxN9h5J5yxg72EPWz6rCtyFqwYk\n5QRKVbP5BXzuDgGwbQoxpmgPRjUAHZX2FswuOqFSROUTqlVoKPEiBOliihjHE0Iu\nmSqB404aQkjXcTMZW5woOUm9j8himeBBTQAAAAAB\n-----END OPENSSH PRIVATE KEY-----\n",
            "private_key_pem": "-----BEGIN RSA PRIVATE KEY-----\nMIIJKgIBAAKCAgEA27tgbaefjM1Y3uq4wutIaT2GpskhWFYN/v8FYRzOQ51c4Ckk\nC2zcDkuFxC8LnT+RDL44HeBRaitBVKZbXmJSHBGasjwybm3rppEN3ZLbF9wfBmVn\nwg9DOpnHFaTwmxWSA1k2ey6FRTwzQO4+160SDAbsVefGQuv/uHGoh48LX0gAhWoU\n4NBKoTq1KdrVhf9Nnn1JNnFSOcKTnIHPEtFs89nD9v3FKaom9ld3+z6oVfbkZlqa\ngOvlqIOVRxwMh2lrI+fJRJ+q20IHuDBhM6LUbr+QjEjknbhjBMZavkFWKyYvKMUw\nmWHfGOcfleMhGxhsUyiz/F7uaYFiVuO4LI9IWfiscmhgu7+kVxVMJVCMuOXUQMEY\nCNOZ6CVQSjxNjsBprJxAkFAtOL2foDqbB/KDiJADCk7jAXV+I0HwBSsmjsMBhWWt\n9uDo5O40BUCYEBJsa/lAijPWA68k/ca5x/aL7HoUknc/tKyDcxBDS9p0nm25Zjh7\nDJXWnGQdzYwckTNfQ4oKruVbo7k4CJgPIH48yrQzWqyc1AMyui9vo3ydgkeMrd87\n3sQ2QEgza0DezGGRLAFglfH4pc2xgDlIHN88tZqN0wYwZguaBpqI6puAoFmjxyUQ\nD+x7Y53TKNVXABmAxMvUeiPDJjhL4AUGsQI8e3Jfd1HKpNvzS8ndRk7FVF8CAwEA\nAQKCAgEAz51tUE64h06jcQUxDCNJqP6UUtTp59BvqweFKqwQDH0Me1UEFLOH/Q3I\n14RoIe0k/XhiB4CjDIDQWs5QuI6H7LOJim0sbYD4zspx4nDXCOVYfy+jaQ4IxL72\nB/Jv0OkBrJ5Hxv4+uBtYhjpWMGz8B1cnSUgU4bihR8JErckvwpiCvYxtK7pDObIB\n6Qk3BUQkL+NLIODUA3VhCdjxMmOk4YdaDO7cszBtXgdpe4BJh+gfCMMFB1ldButF\nSgoroGqv7B4e4vNGeaMbLiKwRRzOQdJJHvPk502IacONjASqCV0r5Ablk5eRN7Nx\n+arA5hwehjiIT6XW+ONiap0BsUC052SfnJv9BpWlRvcmE4nrpQo/Xm5j7kxIPACD\nldUbVNYz8YK93SjzYN8IiMjqTQPtkjHsaNvIoTxqIgJ35QhAr3p9GfUBOrNsA33N\nYDTGP8fVgytRBJplpB5IoYNeNl6Pqh7zfNjKKCUAffNGawhm1L4meDLghyUp9UIX\n3EW+vMU9Uz8Ck+wQwaJImcWAKds/w7GhnKIW9Q2pU2u3aGwfAgliDkDshbLT332e\nRiinlF+6OX7+Bn79kVmARx8dd9/tihrjdeOWBkkdpybiOnpnK7VQMOqSeCP/jGdE\nmto8h/zTSkrIqHbioNUggjQE5lyUE/+yXxQzwzSqgkVmZctVzykCggEBANy5p5+k\nE3InByAFpK+kvTUKQTKMHuEwy+oE5ATgn/vgUipZv5JrERrtn9GBiXgaujd6ma1q\nT0/Mt47M3VLcPq/LeCR5zT/zceWk6DO3jBQ26tkqq/nREP5UKoC8x47iZ03D65Td\njfYImD2HL0AfxgH4zviY4S8KLanINc2ZB8wUSGLx6OKsE17PchWNDYNmi6xmmRaG\nYkkkGSU+qRaiKzPuf2ud3UxPvUFU8gnlkV7qPTlGwHq5K2XC8PVZWR0RdUThGOpz\nvdKbLOj9qMOnOmSHHMe1R3gi8D713LD7Kvl2OBNYC1sJzRPxplhcpcaJHxeRCf+c\nvk8ajhUiy8d3llsCggEBAP7ZFbz8KgSFo+FDAIontRZ1fB26Twr+iM/6Nxi3XD4M\ngsuyxELOWwFGbV1ZlQqfjNeQrRaHQ71ws+RooeOWA77FxBZ45PQSwK+t2/cqp8tn\nLBlAORK/dGV2mzB1bDRKeADUUVKMJoavsZo08rEA9moTvFkem1kJFlfjDuvj8HGM\no0zgIay5s7zBWSd6aG1eBl69dntre8QgXDOdyv5rTQ3FlOE8TfYeSecsYO9hD1s+\nqwrchasGJOUESlWz+QV87g4BsG0KMaZoD0Y1AB2V9hbMLjqhUkTlE6pVaCjxIgTp\nYooYxxNCLpkqgeNOGkJI13EzGVucKDlJvY/IYpngQU0CggEBANoLWQi+SCt7XHGI\nwaB1qCfOYouxmguxba9Xd31N/R0QA3ssv6+/rt0gIsIPKiMInC6UIV4LaCAXxrj9\nriHdyttUr/GwlU74iepm1q/IQUvy2FsB6XPW0Oe9c2NLmgOPqqdKxN2BZGzJHsOh\nWM8K1Es8ZBF2zPTwJB3V1zisVOSIoN2Fxh6uCFCfsz6Q4emNkqsTi2WSCWPhkimV\n1emy9+TMVPmVsHhjST1R0exu6QWPdj2vpBNX+wQC6JAm3H53sZYCm993yOxVOK9N\nbbsh5vBJ/OdYMCsAsL4xmPsIk/Jtk4Wgc09SxlFOZZpio60V5i4crHjjeaihPfyp\nLA93FoMCggEAYKvATzvoRGbdT2m3HrEJREe0mSI/MZB0HVBw7fNADll4lARv5leY\ntdcdTTfaDXmQV4UN42nUDFxgINh/8HDLYuZqB4w8bUlfxkRRGGUZ2VJ9q+Zsv+vY\nH1TqcWtZbEyDUO05G/MF+jlTSYekN/iBgKOT4sp1a0TDMPt0gY6peqk6mMK8g2S+\nBW/ifdM1Iad1CyMbep2/CRqtXvcQNYpGZF76pqXVfPLoXcS70JIk3RvcjfYwzjs6\na5VBDVmDsM0/EBkb74DabKE0ihE4xgBIpUU2lA71wiSTXR2gsUcm/G37bx8PBQMp\n4ff55VuPIm23K72SdOm7aF/MhGoi3PPwUQKCAQEAuPvc+9grC8Y/37Q7vvwJccPu\nTZbUIUW7QdcGFkU9RVgRFZ4sJ5f+2q7ao/vkEu2YehIoNrGzRBdMscZwhkqgU5rT\n1vmK4G7c9VRTz5HTSWRGJEV+IE7zBzvJvIW2wuGBRX0yV1rhAkqBGWiql7FG8zve\nVVb2mmqpPfFthSMNOCpPL1WrDal64cCgXRqMRuefk2n8Cojz60YaSHOf9/2FR1Od\nbsMkW8VSVYYJFtWUA278O2WLu2bb26WKRynljWXV4VJQjz6jUmz68U2gcnHT4R2K\neoYcG/YnDTusOEPPn/agVhG0/6p4qXgZIs+37OT7L7Hg47mJWQ7mzdE62vYN5Q==\n-----END RSA PRIVATE KEY-----\n",
            "private_key_pem_pkcs8": "-----BEGIN PRIVATE KEY-----\nMIIJRAIBADANBgkqhkiG9w0BAQEFAASCCS4wggkqAgEAAoICAQDbu2Btp5+MzVje\n6rjC60hpPYamySFYVg3+/wVhHM5DnVzgKSQLbNwOS4XELwudP5EMvjgd4FFqK0FU\nplteYlIcEZqyPDJubeumkQ3dktsX3B8GZWfCD0M6mccVpPCbFZIDWTZ7LoVFPDNA\n7j7XrRIMBuxV58ZC6/+4caiHjwtfSACFahTg0EqhOrUp2tWF/02efUk2cVI5wpOc\ngc8S0Wzz2cP2/cUpqib2V3f7PqhV9uRmWpqA6+Wog5VHHAyHaWsj58lEn6rbQge4\nMGEzotRuv5CMSOSduGMExlq+QVYrJi8oxTCZYd8Y5x+V4yEbGGxTKLP8Xu5pgWJW\n47gsj0hZ+KxyaGC7v6RXFUwlUIy45dRAwRgI05noJVBKPE2OwGmsnECQUC04vZ+g\nOpsH8oOIkAMKTuMBdX4jQfAFKyaOwwGFZa324Ojk7jQFQJgQEmxr+UCKM9YDryT9\nxrnH9ovsehSSdz+0rINzEENL2nSebblmOHsMldacZB3NjByRM19Digqu5VujuTgI\nmA8gfjzKtDNarJzUAzK6L2+jfJ2CR4yt3zvexDZASDNrQN7MYZEsAWCV8filzbGA\nOUgc3zy1mo3TBjBmC5oGmojqm4CgWaPHJRAP7HtjndMo1VcAGYDEy9R6I8MmOEvg\nBQaxAjx7cl93Ucqk2/NLyd1GTsVUXwIDAQABAoICAQDPnW1QTriHTqNxBTEMI0mo\n/pRS1Onn0G+rB4UqrBAMfQx7VQQUs4f9DcjXhGgh7ST9eGIHgKMMgNBazlC4jofs\ns4mKbSxtgPjOynHicNcI5Vh/L6NpDgjEvvYH8m/Q6QGsnkfG/j64G1iGOlYwbPwH\nVydJSBThuKFHwkStyS/CmIK9jG0rukM5sgHpCTcFRCQv40sg4NQDdWEJ2PEyY6Th\nh1oM7tyzMG1eB2l7gEmH6B8IwwUHWV0G60VKCiugaq/sHh7i80Z5oxsuIrBFHM5B\n0kke8+TnTYhpw42MBKoJXSvkBuWTl5E3s3H5qsDmHB6GOIhPpdb442JqnQGxQLTn\nZJ+cm/0GlaVG9yYTieulCj9ebmPuTEg8AIOV1RtU1jPxgr3dKPNg3wiIyOpNA+2S\nMexo28ihPGoiAnflCECven0Z9QE6s2wDfc1gNMY/x9WDK1EEmmWkHkihg142Xo+q\nHvN82MooJQB980ZrCGbUviZ4MuCHJSn1QhfcRb68xT1TPwKT7BDBokiZxYAp2z/D\nsaGcohb1DalTa7dobB8CCWIOQOyFstPffZ5GKKeUX7o5fv4Gfv2RWYBHHx133+2K\nGuN145YGSR2nJuI6emcrtVAw6pJ4I/+MZ0Sa2jyH/NNKSsioduKg1SCCNATmXJQT\n/7JfFDPDNKqCRWZly1XPKQKCAQEA3Lmnn6QTcicHIAWkr6S9NQpBMowe4TDL6gTk\nBOCf++BSKlm/kmsRGu2f0YGJeBq6N3qZrWpPT8y3jszdUtw+r8t4JHnNP/Nx5aTo\nM7eMFDbq2Sqr+dEQ/lQqgLzHjuJnTcPrlN2N9giYPYcvQB/GAfjO+JjhLwotqcg1\nzZkHzBRIYvHo4qwTXs9yFY0Ng2aLrGaZFoZiSSQZJT6pFqIrM+5/a53dTE+9QVTy\nCeWRXuo9OUbAerkrZcLw9VlZHRF1ROEY6nO90pss6P2ow6c6ZIccx7VHeCLwPvXc\nsPsq+XY4E1gLWwnNE/GmWFylxokfF5EJ/5y+TxqOFSLLx3eWWwKCAQEA/tkVvPwq\nBIWj4UMAiie1FnV8HbpPCv6Iz/o3GLdcPgyCy7LEQs5bAUZtXVmVCp+M15CtFodD\nvXCz5Gih45YDvsXEFnjk9BLAr63b9yqny2csGUA5Er90ZXabMHVsNEp4ANRRUowm\nhq+xmjTysQD2ahO8WR6bWQkWV+MO6+PwcYyjTOAhrLmzvMFZJ3pobV4GXr12e2t7\nxCBcM53K/mtNDcWU4TxN9h5J5yxg72EPWz6rCtyFqwYk5QRKVbP5BXzuDgGwbQox\npmgPRjUAHZX2FswuOqFSROUTqlVoKPEiBOliihjHE0IumSqB404aQkjXcTMZW5wo\nOUm9j8himeBBTQKCAQEA2gtZCL5IK3tccYjBoHWoJ85ii7GaC7Ftr1d3fU39HRAD\neyy/r7+u3SAiwg8qIwicLpQhXgtoIBfGuP2uId3K21Sv8bCVTviJ6mbWr8hBS/LY\nWwHpc9bQ571zY0uaA4+qp0rE3YFkbMkew6FYzwrUSzxkEXbM9PAkHdXXOKxU5Iig\n3YXGHq4IUJ+zPpDh6Y2SqxOLZZIJY+GSKZXV6bL35MxU+ZWweGNJPVHR7G7pBY92\nPa+kE1f7BALokCbcfnexlgKb33fI7FU4r01tuyHm8En851gwKwCwvjGY+wiT8m2T\nhaBzT1LGUU5lmmKjrRXmLhyseON5qKE9/KksD3cWgwKCAQBgq8BPO+hEZt1Pabce\nsQlER7SZIj8xkHQdUHDt80AOWXiUBG/mV5i11x1NN9oNeZBXhQ3jadQMXGAg2H/w\ncMti5moHjDxtSV/GRFEYZRnZUn2r5my/69gfVOpxa1lsTINQ7Tkb8wX6OVNJh6Q3\n+IGAo5PiynVrRMMw+3SBjql6qTqYwryDZL4Fb+J90zUhp3ULIxt6nb8JGq1e9xA1\nikZkXvqmpdV88uhdxLvQkiTdG9yN9jDOOzprlUENWYOwzT8QGRvvgNpsoTSKETjG\nAEilRTaUDvXCJJNdHaCxRyb8bftvHw8FAynh9/nlW48ibbcrvZJ06btoX8yEaiLc\n8/BRAoIBAQC4+9z72CsLxj/ftDu+/Alxw+5NltQhRbtB1wYWRT1FWBEVniwnl/7a\nrtqj++QS7Zh6Eig2sbNEF0yxxnCGSqBTmtPW+Yrgbtz1VFPPkdNJZEYkRX4gTvMH\nO8m8hbbC4YFFfTJXWuECSoEZaKqXsUbzO95VVvaaaqk98W2FIw04Kk8vVasNqXrh\nwKBdGoxG55+TafwKiPPrRhpIc5/3/YVHU51uwyRbxVJVhgkW1ZQDbvw7ZYu7Ztvb\npYpHKeWNZdXhUlCPPqNSbPrxTaBycdPhHYp6hhwb9icNO6w4Q8+f9qBWEbT/qnip\neBkiz7fs5PsvseDjuYlZDubN0Tra9g3l\n-----END PRIVATE KEY-----\n",
            "public_key_fingerprint_md5": "75:bb:80:17:e0:d4:91:2f:88:9f:ee:3d:c6:52:3e:54",
            "public_key_fingerprint_sha256": "SHA256:y2TyfnPFvjTNBv0o/w+XgBC/NOA5ie4uiosolo0BkHY",
            "public_key_openssh": "ssh-rsa AAAAB3NzaC1yc2EAAAADAQABAAACAQDbu2Btp5+MzVje6rjC60hpPYamySFYVg3+/wVhHM5DnVzgKSQLbNwOS4XELwudP5EMvjgd4FFqK0FUplteYlIcEZqyPDJubeumkQ3dktsX3B8GZWfCD0M6mccVpPCbFZIDWTZ7LoVFPDNA7j7XrRIMBuxV58ZC6/+4caiHjwtfSACFahTg0EqhOrUp2tWF/02efUk2cVI5wpOcgc8S0Wzz2cP2/cUpqib2V3f7PqhV9uRmWpqA6+Wog5VHHAyHaWsj58lEn6rbQge4MGEzotRuv5CMSOSduGMExlq+QVYrJi8oxTCZYd8Y5x+V4yEbGGxTKLP8Xu5pgWJW47gsj0hZ+KxyaGC7v6RXFUwlUIy45dRAwRgI05noJVBKPE2OwGmsnECQUC04vZ+gOpsH8oOIkAMKTuMBdX4jQfAFKyaOwwGFZa324Ojk7jQFQJgQEmxr+UCKM9YDryT9xrnH9ovsehSSdz+0rINzEENL2nSebblmOHsMldacZB3NjByRM19Digqu5VujuTgImA8gfjzKtDNarJzUAzK6L2+jfJ2CR4yt3zvexDZASDNrQN7MYZEsAWCV8filzbGAOUgc3zy1mo3TBjBmC5oGmojqm4CgWaPHJRAP7HtjndMo1VcAGYDEy9R6I8MmOEvgBQaxAjx7cl93Ucqk2/NLyd1GTsVUXw==\n",
            "public_key_pem": "-----BEGIN PUBLIC KEY-----\nMIICIjANBgkqhkiG9w0BAQEFAAOCAg8AMIICCgKCAgEA27tgbaefjM1Y3uq4wutI\naT2GpskhWFYN/v8FYRzOQ51c4CkkC2zcDkuFxC8LnT+RDL44HeBRaitBVKZbXmJS\nHBGasjwybm3rppEN3ZLbF9wfBmVnwg9DOpnHFaTwmxWSA1k2ey6FRTwzQO4+160S\nDAbsVefGQuv/uHGoh48LX0gAhWoU4NBKoTq1KdrVhf9Nnn1JNnFSOcKTnIHPEtFs\n89nD9v3FKaom9ld3+z6oVfbkZlqagOvlqIOVRxwMh2lrI+fJRJ+q20IHuDBhM6LU\nbr+QjEjknbhjBMZavkFWKyYvKMUwmWHfGOcfleMhGxhsUyiz/F7uaYFiVuO4LI9I\nWfiscmhgu7+kVxVMJVCMuOXUQMEYCNOZ6CVQSjxNjsBprJxAkFAtOL2foDqbB/KD\niJADCk7jAXV+I0HwBSsmjsMBhWWt9uDo5O40BUCYEBJsa/lAijPWA68k/ca5x/aL\n7HoUknc/tKyDcxBDS9p0nm25Zjh7DJXWnGQdzYwckTNfQ4oKruVbo7k4CJgPIH48\nyrQzWqyc1AMyui9vo3ydgkeMrd873sQ2QEgza0DezGGRLAFglfH4pc2xgDlIHN88\ntZqN0wYwZguaBpqI6puAoFmjxyUQD+x7Y53TKNVXABmAxMvUeiPDJjhL4AUGsQI8\ne3Jfd1HKpNvzS8ndRk7FVF8CAwEAAQ==\n-----END PUBLIC KEY-----\n",
            "rsa_bits": 4096
          },
          "sensitive_attributes": [
            [
              {
                "type": "get_attr",
                "value": "private_key_pem"
              }
            ],
            [
              {
                "type": "get_attr",
                "value": "private_key_pem_pkcs8"
              }
            ],
            [
              {
                "type": "get_attr",
                "value": "private_key_openssh"
              }
            ]
          ]
        }
      ]
    }
  ],
  "check_results": null
}
